
Microsoft Visual Studio Solution File, Format Version 12.00
# Visual Studio Version 16
VisualStudioVersion = 16.0.34601.136
MinimumVisualStudioVersion = 10.0.40219.1
Project("{F184B08F-C81C-45F6-A57F-5ABD9991F28F}") = "voluntariatDefinitiu", "voluntariaaat\voluntariatDefinitiu.vbproj", "{030A2035-B781-4EA3-A8D2-351C37E1D7E8}"
EndProject
Global
	GlobalSection(SolutionConfigurationPlatforms) = preSolution
		Debug|Any CPU = Debug|Any CPU
		Release|Any CPU = Release|Any CPU
	EndGlobalSection
	GlobalSection(ProjectConfigurationPlatforms) = postSolution
		{030A2035-B781-4EA3-A8D2-351C37E1D7E8}.Debug|Any CPU.ActiveCfg = Debug|Any CPU
		{030A2035-B781-4EA3-A8D2-351C37E1D7E8}.Debug|Any CPU.Build.0 = Debug|Any CPU
		{030A2035-B781-4EA3-A8D2-351C37E1D7E8}.Release|Any CPU.ActiveCfg = Release|Any CPU
		{030A2035-B781-4EA3-A8D2-351C37E1D7E8}.Release|Any CPU.Build.0 = Release|Any CPU
	EndGlobalSection
	GlobalSection(SolutionProperties) = preSolution
		HideSolutionNode = FALSE
	EndGlobalSection
	GlobalSection(ExtensibilityGlobals) = postSolution
		SolutionGuid = {782A4396-63A1-472B-8C6B-F9D6B5966FEB}
	EndGlobalSection
EndGlobal
